
Microsoft Visual Studio Solution File, Format Version 12.00
# Visual Studio 15
VisualStudioVersion = 15.0.27703.2047
MinimumVisualStudioVersion = 10.0.40219.1
Project("{9092AA53-FB77-4645-B42D-1CCCA6BD08BD}") = "GameServer", "GameServer\GameServer.njsproj", "{8DAB8458-BEF0-4E67-B300-0A29901056C5}"
EndProject
Global
	GlobalSection(SolutionConfigurationPlatforms) = preSolution
		Debug|Any CPU = Debug|Any CPU
		Release|Any CPU = Release|Any CPU
	EndGlobalSection
	GlobalSection(ProjectConfigurationPlatforms) = postSolution
		{8DAB8458-BEF0-4E67-B300-0A29901056C5}.Debug|Any CPU.ActiveCfg = Debug|Any CPU
		{8DAB8458-BEF0-4E67-B300-0A29901056C5}.Debug|Any CPU.Build.0 = Debug|Any CPU
		{8DAB8458-BEF0-4E67-B300-0A29901056C5}.Release|Any CPU.ActiveCfg = Release|Any CPU
		{8DAB8458-BEF0-4E67-B300-0A29901056C5}.Release|Any CPU.Build.0 = Release|Any CPU
	EndGlobalSection
	GlobalSection(SolutionProperties) = preSolution
		HideSolutionNode = FALSE
	EndGlobalSection
	GlobalSection(ExtensibilityGlobals) = postSolution
		SolutionGuid = {6D23FBF6-4DB7-4825-BFE0-5C7688472754}
	EndGlobalSection
EndGlobal
